
Microsoft Visual Studio Solution File, Format Version 11.00
# Visual Studio 2010
Project("{FAE04EC0-301F-11D3-BF4B-00C04F79EFBC}") = "LocalBox_iOS", "LocalBox_iOS.csproj", "{3DA647B0-D8DE-46F6-A778-2F8534EFF304}"
EndProject
Project("{FAE04EC0-301F-11D3-BF4B-00C04F79EFBC}") = "BouncyCastleAPI_iOS", "..\BouncyCastle\BouncyCastleAPI_iOS.csproj", "{7A94F49C-F81C-4F5D-B407-071E0C7F33E4}"
EndProject
Project("{FAE04EC0-301F-11D3-BF4B-00C04F79EFBC}") = "LocalBox_Common_iOS", "..\LocalBox_Common\LocalBox_Common_iOS.csproj", "{A1F82138-A39E-45DA-AC90-56C177556092}"
EndProject
Global
	GlobalSection(SolutionConfigurationPlatforms) = preSolution
		Debug|iPhoneSimulator = Debug|iPhoneSimulator
		Release|iPhoneSimulator = Release|iPhoneSimulator
		Debug|iPhone = Debug|iPhone
		Release|iPhone = Release|iPhone
	EndGlobalSection
	GlobalSection(ProjectConfigurationPlatforms) = postSolution
		{3DA647B0-D8DE-46F6-A778-2F8534EFF304}.Debug|iPhone.ActiveCfg = Debug|iPhone
		{3DA647B0-D8DE-46F6-A778-2F8534EFF304}.Debug|iPhone.Build.0 = Debug|iPhone
		{3DA647B0-D8DE-46F6-A778-2F8534EFF304}.Debug|iPhoneSimulator.ActiveCfg = Debug|iPhoneSimulator
		{3DA647B0-D8DE-46F6-A778-2F8534EFF304}.Debug|iPhoneSimulator.Build.0 = Debug|iPhoneSimulator
		{3DA647B0-D8DE-46F6-A778-2F8534EFF304}.Release|iPhone.ActiveCfg = Release|iPhone
		{3DA647B0-D8DE-46F6-A778-2F8534EFF304}.Release|iPhone.Build.0 = Release|iPhone
		{3DA647B0-D8DE-46F6-A778-2F8534EFF304}.Release|iPhoneSimulator.ActiveCfg = Release|iPhoneSimulator
		{3DA647B0-D8DE-46F6-A778-2F8534EFF304}.Release|iPhoneSimulator.Build.0 = Release|iPhoneSimulator
		{7A94F49C-F81C-4F5D-B407-071E0C7F33E4}.Debug|iPhone.ActiveCfg = Debug|Any CPU
		{7A94F49C-F81C-4F5D-B407-071E0C7F33E4}.Debug|iPhone.Build.0 = Debug|Any CPU
		{7A94F49C-F81C-4F5D-B407-071E0C7F33E4}.Debug|iPhoneSimulator.ActiveCfg = Debug|Any CPU
		{7A94F49C-F81C-4F5D-B407-071E0C7F33E4}.Debug|iPhoneSimulator.Build.0 = Debug|Any CPU
		{7A94F49C-F81C-4F5D-B407-071E0C7F33E4}.Release|iPhone.ActiveCfg = Release|Any CPU
		{7A94F49C-F81C-4F5D-B407-071E0C7F33E4}.Release|iPhone.Build.0 = Release|Any CPU
		{7A94F49C-F81C-4F5D-B407-071E0C7F33E4}.Release|iPhoneSimulator.ActiveCfg = Release|Any CPU
		{7A94F49C-F81C-4F5D-B407-071E0C7F33E4}.Release|iPhoneSimulator.Build.0 = Release|Any CPU
		{A1F82138-A39E-45DA-AC90-56C177556092}.Debug|iPhone.ActiveCfg = Debug|Any CPU
		{A1F82138-A39E-45DA-AC90-56C177556092}.Debug|iPhone.Build.0 = Debug|Any CPU
		{A1F82138-A39E-45DA-AC90-56C177556092}.Debug|iPhoneSimulator.ActiveCfg = Debug|Any CPU
		{A1F82138-A39E-45DA-AC90-56C177556092}.Debug|iPhoneSimulator.Build.0 = Debug|Any CPU
		{A1F82138-A39E-45DA-AC90-56C177556092}.Release|iPhone.ActiveCfg = Release|Any CPU
		{A1F82138-A39E-45DA-AC90-56C177556092}.Release|iPhone.Build.0 = Release|Any CPU
		{A1F82138-A39E-45DA-AC90-56C177556092}.Release|iPhoneSimulator.ActiveCfg = Release|Any CPU
		{A1F82138-A39E-45DA-AC90-56C177556092}.Release|iPhoneSimulator.Build.0 = Release|Any CPU
	EndGlobalSection
EndGlobal
